
Microsoft Visual Studio Solution File, Format Version 12.00
# Visual Studio Version 17
VisualStudioVersion = 17.5.2.0
MinimumVisualStudioVersion = 10.0.40219.1
Project("{2150E333-8FDC-42A3-9474-1A3956D46DE8}") = "src", "src", "{827E0CD3-B72D-47B6-A68D-7590B98EB39B}"
EndProject
Project("{FAE04EC0-301F-11D3-BF4B-00C04F79EFBC}") = "TVSApp.Domain", "Src\TVSApp.Domain\TVSApp.Domain.csproj", "{6D271F10-2906-0DE1-6ED6-B406101D643F}"
EndProject
Project("{FAE04EC0-301F-11D3-BF4B-00C04F79EFBC}") = "TVSApp.Application", "Src\TVSApp.Application\TVSApp.Application.csproj", "{242C1B37-646D-4EB2-B999-544388D00C3C}"
EndProject
Project("{FAE04EC0-301F-11D3-BF4B-00C04F79EFBC}") = "TVSApp.Tests", "Src\TVSApp.Tests\TVSApp.Tests.csproj", "{2DE68B66-CBBE-4E43-98E1-8B1615D066A9}"
EndProject
Project("{FAE04EC0-301F-11D3-BF4B-00C04F79EFBC}") = "TVSApp.Infrastructure", "Src\TVSApp.Infrastructure\TVSApp.Infrastructure.csproj", "{739FD6AA-3A4B-4007-A108-FB1832E8B316}"
EndProject
Project("{FAE04EC0-301F-11D3-BF4B-00C04F79EFBC}") = "TVSApp.Api", "Src\TVSApp.Api\TVSApp.Api.csproj", "{2BDBA1BA-AA52-4E08-9DCE-299EA7C567A0}"
EndProject
Project("{FAE04EC0-301F-11D3-BF4B-00C04F79EFBC}") = "TVSApp.Web", "Src\TVSApp.Web\TVSApp.Web.csproj", "{AE3F1C06-827F-4CB7-8766-1EA8CE0B1B10}"
EndProject
Global
	GlobalSection(SolutionConfigurationPlatforms) = preSolution
		Debug|Any CPU = Debug|Any CPU
		Debug|x64 = Debug|x64
		Debug|x86 = Debug|x86
		Release|Any CPU = Release|Any CPU
		Release|x64 = Release|x64
		Release|x86 = Release|x86
	EndGlobalSection
	GlobalSection(ProjectConfigurationPlatforms) = postSolution
		{6D271F10-2906-0DE1-6ED6-B406101D643F}.Debug|Any CPU.ActiveCfg = Debug|Any CPU
		{6D271F10-2906-0DE1-6ED6-B406101D643F}.Debug|Any CPU.Build.0 = Debug|Any CPU
		{6D271F10-2906-0DE1-6ED6-B406101D643F}.Debug|x64.ActiveCfg = Debug|Any CPU
		{6D271F10-2906-0DE1-6ED6-B406101D643F}.Debug|x64.Build.0 = Debug|Any CPU
		{6D271F10-2906-0DE1-6ED6-B406101D643F}.Debug|x86.ActiveCfg = Debug|Any CPU
		{6D271F10-2906-0DE1-6ED6-B406101D643F}.Debug|x86.Build.0 = Debug|Any CPU
		{6D271F10-2906-0DE1-6ED6-B406101D643F}.Release|Any CPU.ActiveCfg = Release|Any CPU
		{6D271F10-2906-0DE1-6ED6-B406101D643F}.Release|Any CPU.Build.0 = Release|Any CPU
		{6D271F10-2906-0DE1-6ED6-B406101D643F}.Release|x64.ActiveCfg = Release|Any CPU
		{6D271F10-2906-0DE1-6ED6-B406101D643F}.Release|x64.Build.0 = Release|Any CPU
		{6D271F10-2906-0DE1-6ED6-B406101D643F}.Release|x86.ActiveCfg = Release|Any CPU
		{6D271F10-2906-0DE1-6ED6-B406101D643F}.Release|x86.Build.0 = Release|Any CPU
		{242C1B37-646D-4EB2-B999-544388D00C3C}.Debug|Any CPU.ActiveCfg = Debug|Any CPU
		{242C1B37-646D-4EB2-B999-544388D00C3C}.Debug|Any CPU.Build.0 = Debug|Any CPU
		{242C1B37-646D-4EB2-B999-544388D00C3C}.Debug|x64.ActiveCfg = Debug|Any CPU
		{242C1B37-646D-4EB2-B999-544388D00C3C}.Debug|x64.Build.0 = Debug|Any CPU
		{242C1B37-646D-4EB2-B999-544388D00C3C}.Debug|x86.ActiveCfg = Debug|Any CPU
		{242C1B37-646D-4EB2-B999-544388D00C3C}.Debug|x86.Build.0 = Debug|Any CPU
		{242C1B37-646D-4EB2-B999-544388D00C3C}.Release|Any CPU.ActiveCfg = Release|Any CPU
		{242C1B37-646D-4EB2-B999-544388D00C3C}.Release|Any CPU.Build.0 = Release|Any CPU
		{242C1B37-646D-4EB2-B999-544388D00C3C}.Release|x64.ActiveCfg = Release|Any CPU
		{242C1B37-646D-4EB2-B999-544388D00C3C}.Release|x64.Build.0 = Release|Any CPU
		{242C1B37-646D-4EB2-B999-544388D00C3C}.Release|x86.ActiveCfg = Release|Any CPU
		{242C1B37-646D-4EB2-B999-544388D00C3C}.Release|x86.Build.0 = Release|Any CPU
		{2DE68B66-CBBE-4E43-98E1-8B1615D066A9}.Debug|Any CPU.ActiveCfg = Debug|Any CPU
		{2DE68B66-CBBE-4E43-98E1-8B1615D066A9}.Debug|Any CPU.Build.0 = Debug|Any CPU
		{2DE68B66-CBBE-4E43-98E1-8B1615D066A9}.Debug|x64.ActiveCfg = Debug|Any CPU
		{2DE68B66-CBBE-4E43-98E1-8B1615D066A9}.Debug|x64.Build.0 = Debug|Any CPU
		{2DE68B66-CBBE-4E43-98E1-8B1615D066A9}.Debug|x86.ActiveCfg = Debug|Any CPU
		{2DE68B66-CBBE-4E43-98E1-8B1615D066A9}.Debug|x86.Build.0 = Debug|Any CPU
		{2DE68B66-CBBE-4E43-98E1-8B1615D066A9}.Release|Any CPU.ActiveCfg = Release|Any CPU
		{2DE68B66-CBBE-4E43-98E1-8B1615D066A9}.Release|Any CPU.Build.0 = Release|Any CPU
		{2DE68B66-CBBE-4E43-98E1-8B1615D066A9}.Release|x64.ActiveCfg = Release|Any CPU
		{2DE68B66-CBBE-4E43-98E1-8B1615D066A9}.Release|x64.Build.0 = Release|Any CPU
		{2DE68B66-CBBE-4E43-98E1-8B1615D066A9}.Release|x86.ActiveCfg = Release|Any CPU
		{2DE68B66-CBBE-4E43-98E1-8B1615D066A9}.Release|x86.Build.0 = Release|Any CPU
		{739FD6AA-3A4B-4007-A108-FB1832E8B316}.Debug|Any CPU.ActiveCfg = Debug|Any CPU
		{739FD6AA-3A4B-4007-A108-FB1832E8B316}.Debug|Any CPU.Build.0 = Debug|Any CPU
		{739FD6AA-3A4B-4007-A108-FB1832E8B316}.Debug|x64.ActiveCfg = Debug|Any CPU
		{739FD6AA-3A4B-4007-A108-FB1832E8B316}.Debug|x64.Build.0 = Debug|Any CPU
		{739FD6AA-3A4B-4007-A108-FB1832E8B316}.Debug|x86.ActiveCfg = Debug|Any CPU
		{739FD6AA-3A4B-4007-A108-FB1832E8B316}.Debug|x86.Build.0 = Debug|Any CPU
		{739FD6AA-3A4B-4007-A108-FB1832E8B316}.Release|Any CPU.ActiveCfg = Release|Any CPU
		{739FD6AA-3A4B-4007-A108-FB1832E8B316}.Release|Any CPU.Build.0 = Release|Any CPU
		{739FD6AA-3A4B-4007-A108-FB1832E8B316}.Release|x64.ActiveCfg = Release|Any CPU
		{739FD6AA-3A4B-4007-A108-FB1832E8B316}.Release|x64.Build.0 = Release|Any CPU
		{739FD6AA-3A4B-4007-A108-FB1832E8B316}.Release|x86.ActiveCfg = Release|Any CPU
		{739FD6AA-3A4B-4007-A108-FB1832E8B316}.Release|x86.Build.0 = Release|Any CPU
		{2BDBA1BA-AA52-4E08-9DCE-299EA7C567A0}.Debug|Any CPU.ActiveCfg = Debug|Any CPU
		{2BDBA1BA-AA52-4E08-9DCE-299EA7C567A0}.Debug|Any CPU.Build.0 = Debug|Any CPU
		{2BDBA1BA-AA52-4E08-9DCE-299EA7C567A0}.Debug|x64.ActiveCfg = Debug|Any CPU
		{2BDBA1BA-AA52-4E08-9DCE-299EA7C567A0}.Debug|x64.Build.0 = Debug|Any CPU
		{2BDBA1BA-AA52-4E08-9DCE-299EA7C567A0}.Debug|x86.ActiveCfg = Debug|Any CPU
		{2BDBA1BA-AA52-4E08-9DCE-299EA7C567A0}.Debug|x86.Build.0 = Debug|Any CPU
		{2BDBA1BA-AA52-4E08-9DCE-299EA7C567A0}.Release|Any CPU.ActiveCfg = Release|Any CPU
		{2BDBA1BA-AA52-4E08-9DCE-299EA7C567A0}.Release|Any CPU.Build.0 = Release|Any CPU
		{2BDBA1BA-AA52-4E08-9DCE-299EA7C567A0}.Release|x64.ActiveCfg = Release|Any CPU
		{2BDBA1BA-AA52-4E08-9DCE-299EA7C567A0}.Release|x64.Build.0 = Release|Any CPU
		{2BDBA1BA-AA52-4E08-9DCE-299EA7C567A0}.Release|x86.ActiveCfg = Release|Any CPU
		{2BDBA1BA-AA52-4E08-9DCE-299EA7C567A0}.Release|x86.Build.0 = Release|Any CPU
		{AE3F1C06-827F-4CB7-8766-1EA8CE0B1B10}.Debug|Any CPU.ActiveCfg = Debug|Any CPU
		{AE3F1C06-827F-4CB7-8766-1EA8CE0B1B10}.Debug|Any CPU.Build.0 = Debug|Any CPU
		{AE3F1C06-827F-4CB7-8766-1EA8CE0B1B10}.Debug|x64.ActiveCfg = Debug|Any CPU
		{AE3F1C06-827F-4CB7-8766-1EA8CE0B1B10}.Debug|x64.Build.0 = Debug|Any CPU
		{AE3F1C06-827F-4CB7-8766-1EA8CE0B1B10}.Debug|x86.ActiveCfg = Debug|Any CPU
		{AE3F1C06-827F-4CB7-8766-1EA8CE0B1B10}.Debug|x86.Build.0 = Debug|Any CPU
		{AE3F1C06-827F-4CB7-8766-1EA8CE0B1B10}.Release|Any CPU.ActiveCfg = Release|Any CPU
		{AE3F1C06-827F-4CB7-8766-1EA8CE0B1B10}.Release|Any CPU.Build.0 = Release|Any CPU
		{AE3F1C06-827F-4CB7-8766-1EA8CE0B1B10}.Release|x64.ActiveCfg = Release|Any CPU
		{AE3F1C06-827F-4CB7-8766-1EA8CE0B1B10}.Release|x64.Build.0 = Release|Any CPU
		{AE3F1C06-827F-4CB7-8766-1EA8CE0B1B10}.Release|x86.ActiveCfg = Release|Any CPU
		{AE3F1C06-827F-4CB7-8766-1EA8CE0B1B10}.Release|x86.Build.0 = Release|Any CPU
	EndGlobalSection
	GlobalSection(SolutionProperties) = preSolution
		HideSolutionNode = FALSE
	EndGlobalSection
	GlobalSection(NestedProjects) = preSolution
		{6D271F10-2906-0DE1-6ED6-B406101D643F} = {827E0CD3-B72D-47B6-A68D-7590B98EB39B}
		{242C1B37-646D-4EB2-B999-544388D00C3C} = {827E0CD3-B72D-47B6-A68D-7590B98EB39B}
		{2DE68B66-CBBE-4E43-98E1-8B1615D066A9} = {827E0CD3-B72D-47B6-A68D-7590B98EB39B}
		{739FD6AA-3A4B-4007-A108-FB1832E8B316} = {827E0CD3-B72D-47B6-A68D-7590B98EB39B}
		{2BDBA1BA-AA52-4E08-9DCE-299EA7C567A0} = {827E0CD3-B72D-47B6-A68D-7590B98EB39B}
		{AE3F1C06-827F-4CB7-8766-1EA8CE0B1B10} = {827E0CD3-B72D-47B6-A68D-7590B98EB39B}
	EndGlobalSection
	GlobalSection(ExtensibilityGlobals) = postSolution
		SolutionGuid = {0A15D354-9A9B-42E7-9FBD-4B134C5D61F8}
	EndGlobalSection
EndGlobal
